{
    "_meta": {
        "hash": {
            "sha256": "e1da49889e400e8f99857178bea8ec9577943a19481d52c7b65040c355ae925a"
        },
        "pipfile-spec": 6,
        "requires": {
            "python_version": "3.9"
        },
        "sources": [
            {
                "name": "pypi",
                "url": "https://pypi.org/simple",
                "verify_ssl": true
            }
        ]
    },
    "default": {},
    "develop": {
        "appnope": {
            "hashes": [
                "sha256:02bd91c4de869fbb1e1c50aafc4098827a7a54ab2f39d9dcba6c9547ed920e24",
                "sha256:265a455292d0bd8a72453494fa24df5a11eb18373a60c7c0430889f22548605e"
            ],
            "markers": "platform_system == 'Darwin'",
            "version": "==0.1.3"
        },
        "asttokens": {
            "hashes": [
                "sha256:c61e16246ecfb2cde2958406b4c8ebc043c9e6d73aaa83c941673b35e5d3a76b",
                "sha256:e3305297c744ae53ffa032c45dc347286165e4ffce6875dc662b205db0623d86"
            ],
            "version": "==2.0.8"
        },
        "autopep8": {
            "hashes": [
                "sha256:6f09e90a2be784317e84dc1add17ebfc7abe3924239957a37e5040e27d812087",
                "sha256:ca9b1a83e53a7fad65d731dc7a2a2d50aa48f43850407c59f6a1a306c4201142"
            ],
            "index": "pypi",
            "version": "==1.7.0"
        },
        "backcall": {
            "hashes": [
                "sha256:5cbdbf27be5e7cfadb448baf0aa95508f91f2bbc6c6437cd9cd06e2a4c215e1e",
                "sha256:fbbce6a29f263178a1f7915c1940bde0ec2b2a967566fe1c65c1dfb7422bd255"
            ],
            "version": "==0.2.0"
        },
        "debugpy": {
            "hashes": [
                "sha256:34d2cdd3a7c87302ba5322b86e79c32c2115be396f3f09ca13306d8a04fe0f16",
                "sha256:3c9f985944a30cfc9ae4306ac6a27b9c31dba72ca943214dad4a0ab3840f6161",
                "sha256:4e255982552b0edfe3a6264438dbd62d404baa6556a81a88f9420d3ed79b06ae",
                "sha256:5ad571a36cec137ae6ed951d0ff75b5e092e9af6683da084753231150cbc5b25",
                "sha256:6efc30325b68e451118b795eff6fe8488253ca3958251d5158106d9c87581bc6",
                "sha256:7c302095a81be0d5c19f6529b600bac971440db3e226dce85347cc27e6a61908",
                "sha256:84c39940a0cac410bf6aa4db00ba174f973eef521fbe9dd058e26bcabad89c4f",
                "sha256:86d784b72c5411c833af1cd45b83d80c252b77c3bfdb43db17c441d772f4c734",
                "sha256:adcfea5ea06d55d505375995e150c06445e2b20cd12885bcae566148c076636b",
                "sha256:b8deaeb779699350deeed835322730a3efec170b88927debc9ba07a1a38e2585",
                "sha256:c4b2bd5c245eeb49824bf7e539f95fb17f9a756186e51c3e513e32999d8846f3",
                "sha256:c4cd6f37e3c168080d61d698390dfe2cd9e74ebf80b448069822a15dadcda57d",
                "sha256:cca23cb6161ac89698d629d892520327dd1be9321c0960e610bbcb807232b45d",
                "sha256:d5c814596a170a0a58fa6fad74947e30bfd7e192a5d2d7bd6a12156c2899e13a",
                "sha256:daadab4403427abd090eccb38d8901afd8b393e01fd243048fab3f1d7132abb4",
                "sha256:dda8652520eae3945833e061cbe2993ad94a0b545aebd62e4e6b80ee616c76b2",
                "sha256:e8922090514a890eec99cfb991bab872dd2e353ebb793164d5f01c362b9a40bf",
                "sha256:fc233a0160f3b117b20216f1169e7211b83235e3cd6749bcdd8dbb72177030c7"
            ],
            "markers": "python_version >= '3.7'",
            "version": "==1.6.3"
        },
        "decorator": {
            "hashes": [
                "sha256:637996211036b6385ef91435e4fae22989472f9d571faba8927ba8253acbc330",
                "sha256:b8c3f85900b9dc423225913c5aace94729fe1fa9763b38939a95226f02d37186"
            ],
            "markers": "python_version >= '3.5'",
            "version": "==5.1.1"
        },
        "entrypoints": {
            "hashes": [
                "sha256:b706eddaa9218a19ebcd67b56818f05bb27589b1ca9e8d797b74affad4ccacd4",
                "sha256:f174b5ff827504fd3cd97cc3f8649f3693f51538c7e4bdf3ef002c8429d42f9f"
            ],
            "markers": "python_version >= '3.6'",
            "version": "==0.4"
        },
        "executing": {
            "hashes": [
                "sha256:550d581b497228b572235e633599133eeee67073c65914ca346100ad56775349",
                "sha256:98daefa9d1916a4f0d944880d5aeaf079e05585689bebd9ff9b32e31dd5e1017"
            ],
            "version": "==1.0.0"
        },
        "ipykernel": {
            "hashes": [
                "sha256:59183ef833b82c72211aace3fb48fd20eae8e2d0cae475f3d5c39d4a688e81ec",
                "sha256:e7481083b438609c9c8a22d6362e8e1bc6ec94ba0741b666941e634f2d61bdf3"
            ],
            "index": "pypi",
            "version": "==6.15.2"
        },
        "ipython": {
            "hashes": [
                "sha256:097bdf5cd87576fd066179c9f7f208004f7a6864ee1b20f37d346c0bcb099f84",
                "sha256:6f090e29ab8ef8643e521763a4f1f39dc3914db643122b1e9d3328ff2e43ada2"
            ],
            "markers": "python_version >= '3.8'",
            "version": "==8.5.0"
        },
        "jedi": {
            "hashes": [
                "sha256:637c9635fcf47945ceb91cd7f320234a7be540ded6f3e99a50cb6febdfd1ba8d",
                "sha256:74137626a64a99c8eb6ae5832d99b3bdd7d29a3850fe2aa80a4126b2a7d949ab"
            ],
            "markers": "python_version >= '3.6'",
            "version": "==0.18.1"
        },
        "jupyter-client": {
            "hashes": [
                "sha256:3c58466a1b8d55dba0bf3ce0834e4f5b7760baf98d1d73db0add6f19de9ecd1d",
                "sha256:b33222bdc9dd1714228bd286af006533a0abe2bbc093e8f3d29dc0b91bdc2be4"
            ],
            "markers": "python_version >= '3.7'",
            "version": "==7.3.5"
        },
        "jupyter-core": {
            "hashes": [
                "sha256:2e5f244d44894c4154d06aeae3419dd7f1b0ef4494dc5584929b398c61cfd314",
                "sha256:715e22bb6cc7db3718fddfac1f69f1c7e899ca00e42bdfd4bf3705452b9fd84a"
            ],
            "markers": "python_version >= '3.7'",
            "version": "==4.11.1"
        },
        "matplotlib-inline": {
            "hashes": [
                "sha256:f1f41aab5328aa5aaea9b16d083b128102f8712542f819fe7e6a420ff581b311",
                "sha256:f887e5f10ba98e8d2b150ddcf4702c1e5f8b3a20005eb0f74bfdbd360ee6f304"
            ],
            "markers": "python_version >= '3.5'",
            "version": "==0.1.6"
        },
        "nest-asyncio": {
            "hashes": [
                "sha256:b98e3ec1b246135e4642eceffa5a6c23a3ab12c82ff816a92c612d68205813b2",
                "sha256:e442291cd942698be619823a17a86a5759eabe1f8613084790de189fe9e16d65"
            ],
            "markers": "python_version >= '3.5'",
            "version": "==1.5.5"
        },
        "packaging": {
            "hashes": [
                "sha256:dd47c42927d89ab911e606518907cc2d3a1f38bbd026385970643f9c5b8ecfeb",
                "sha256:ef103e05f519cdc783ae24ea4e2e0f508a9c99b2d4969652eed6a2e1ea5bd522"
            ],
            "markers": "python_version >= '3.6'",
            "version": "==21.3"
        },
        "parso": {
            "hashes": [
                "sha256:8c07be290bb59f03588915921e29e8a50002acaf2cdc5fa0e0114f91709fafa0",
                "sha256:c001d4636cd3aecdaf33cbb40aebb59b094be2a74c556778ef5576c175e19e75"
            ],
            "markers": "python_version >= '3.6'",
            "version": "==0.8.3"
        },
        "pexpect": {
            "hashes": [
                "sha256:0b48a55dcb3c05f3329815901ea4fc1537514d6ba867a152b581d69ae3710937",
                "sha256:fc65a43959d153d0114afe13997d439c22823a27cefceb5ff35c2178c6784c0c"
            ],
            "markers": "sys_platform != 'win32'",
            "version": "==4.8.0"
        },
        "pickleshare": {
            "hashes": [
                "sha256:87683d47965c1da65cdacaf31c8441d12b8044cdec9aca500cd78fc2c683afca",
                "sha256:9649af414d74d4df115d5d718f82acb59c9d418196b7b4290ed47a12ce62df56"
            ],
            "version": "==0.7.5"
        },
        "prompt-toolkit": {
            "hashes": [
                "sha256:9696f386133df0fc8ca5af4895afe5d78f5fcfe5258111c2a79a1c3e41ffa96d",
                "sha256:9ada952c9d1787f52ff6d5f3484d0b4df8952787c087edf6a1f7c2cb1ea88148"
            ],
            "markers": "python_full_version >= '3.6.2'",
            "version": "==3.0.31"
        },
        "psutil": {
            "hashes": [
                "sha256:14b29f581b5edab1f133563272a6011925401804d52d603c5c606936b49c8b97",
                "sha256:256098b4f6ffea6441eb54ab3eb64db9ecef18f6a80d7ba91549195d55420f84",
                "sha256:39ec06dc6c934fb53df10c1672e299145ce609ff0611b569e75a88f313634969",
                "sha256:404f4816c16a2fcc4eaa36d7eb49a66df2d083e829d3e39ee8759a411dbc9ecf",
                "sha256:42638876b7f5ef43cef8dcf640d3401b27a51ee3fa137cb2aa2e72e188414c32",
                "sha256:4642fd93785a29353d6917a23e2ac6177308ef5e8be5cc17008d885cb9f70f12",
                "sha256:4fb54941aac044a61db9d8eb56fc5bee207db3bc58645d657249030e15ba3727",
                "sha256:561dec454853846d1dd0247b44c2e66a0a0c490f937086930ec4b8f83bf44f06",
                "sha256:5d39e3a2d5c40efa977c9a8dd4f679763c43c6c255b1340a56489955dbca767c",
                "sha256:614337922702e9be37a39954d67fdb9e855981624d8011a9927b8f2d3c9625d9",
                "sha256:67b33f27fc0427483b61563a16c90d9f3b547eeb7af0ef1b9fe024cdc9b3a6ea",
                "sha256:68b35cbff92d1f7103d8f1db77c977e72f49fcefae3d3d2b91c76b0e7aef48b8",
                "sha256:7cbb795dcd8ed8fd238bc9e9f64ab188f3f4096d2e811b5a82da53d164b84c3f",
                "sha256:8f024fbb26c8daf5d70287bb3edfafa22283c255287cf523c5d81721e8e5d82c",
                "sha256:91aa0dac0c64688667b4285fa29354acfb3e834e1fd98b535b9986c883c2ce1d",
                "sha256:94e621c6a4ddb2573d4d30cba074f6d1aa0186645917df42c811c473dd22b339",
                "sha256:9770c1d25aee91417eba7869139d629d6328a9422ce1cdd112bd56377ca98444",
                "sha256:b1928b9bf478d31fdffdb57101d18f9b70ed4e9b0e41af751851813547b2a9ab",
                "sha256:b2f248ffc346f4f4f0d747ee1947963613216b06688be0be2e393986fe20dbbb",
                "sha256:b315febaebae813326296872fdb4be92ad3ce10d1d742a6b0c49fb619481ed0b",
                "sha256:b3591616fa07b15050b2f87e1cdefd06a554382e72866fcc0ab2be9d116486c8",
                "sha256:b4018d5f9b6651f9896c7a7c2c9f4652e4eea53f10751c4e7d08a9093ab587ec",
                "sha256:d75291912b945a7351d45df682f9644540d564d62115d4a20d45fa17dc2d48f8",
                "sha256:dc9bda7d5ced744622f157cc8d8bdd51735dafcecff807e928ff26bdb0ff097d",
                "sha256:e3ac2c0375ef498e74b9b4ec56df3c88be43fe56cac465627572dbfb21c4be34",
                "sha256:e4c4a7636ffc47b7141864f1c5e7d649f42c54e49da2dd3cceb1c5f5d29bfc85",
                "sha256:ed29ea0b9a372c5188cdb2ad39f937900a10fb5478dc077283bf86eeac678ef1",
                "sha256:f40ba362fefc11d6bea4403f070078d60053ed422255bd838cd86a40674364c9",
                "sha256:f4cb67215c10d4657e320037109939b1c1d2fd70ca3d76301992f89fe2edb1f1",
                "sha256:f7929a516125f62399d6e8e026129c8835f6c5a3aab88c3fff1a05ee8feb840d",
                "sha256:fd331866628d18223a4265371fd255774affd86244fc307ef66eaf00de0633d5",
                "sha256:feb861a10b6c3bb00701063b37e4afc754f8217f0f09c42280586bd6ac712b5c"
            ],
            "markers": "python_version >= '2.7' and python_version not in '3.0, 3.1, 3.2, 3.3'",
            "version": "==5.9.2"
        },
        "ptyprocess": {
            "hashes": [
                "sha256:4b41f3967fce3af57cc7e94b888626c18bf37a083e3651ca8feeb66d492fef35",
                "sha256:5c5d0a3b48ceee0b48485e0c26037c0acd7d29765ca3fbb5cb3831d347423220"
            ],
            "version": "==0.7.0"
        },
        "pure-eval": {
            "hashes": [
                "sha256:01eaab343580944bc56080ebe0a674b39ec44a945e6d09ba7db3cb8cec289350",
                "sha256:2b45320af6dfaa1750f543d714b6d1c520a1688dec6fd24d339063ce0aaa9ac3"
            ],
            "version": "==0.2.2"
        },
        "pycodestyle": {
            "hashes": [
                "sha256:2c9607871d58c76354b697b42f5d57e1ada7d261c261efac224b664affdc5785",
                "sha256:d1735fc58b418fd7c5f658d28d943854f8a849b01a5d0a1e6f3f3fdd0166804b"
            ],
            "markers": "python_version >= '3.6'",
            "version": "==2.9.1"
        },
        "pygments": {
            "hashes": [
                "sha256:56a8508ae95f98e2b9bdf93a6be5ae3f7d8af858b43e02c5a2ff083726be40c1",
                "sha256:f643f331ab57ba3c9d89212ee4a2dabc6e94f117cf4eefde99a0574720d14c42"
            ],
            "markers": "python_version >= '3.6'",
            "version": "==2.13.0"
        },
        "pyparsing": {
            "hashes": [
                "sha256:2b020ecf7d21b687f219b71ecad3631f644a47f01403fa1d1036b0c6416d70fb",
                "sha256:5026bae9a10eeaefb61dab2f09052b9f4307d44aee4eda64b309723d8d206bbc"
            ],
            "markers": "python_full_version >= '3.6.8'",
            "version": "==3.0.9"
        },
        "python-dateutil": {
            "hashes": [
                "sha256:0123cacc1627ae19ddf3c27a5de5bd67ee4586fbdd6440d9748f8abb483d3e86",
                "sha256:961d03dc3453ebbc59dbdea9e4e11c5651520a876d0f4db161e8674aae935da9"
            ],
            "markers": "python_version >= '2.7' and python_version not in '3.0, 3.1, 3.2, 3.3'",
            "version": "==2.8.2"
        },
        "pyzmq": {
            "hashes": [
                "sha256:022cf5ea7bcaa8a06a03c2706e0ae66904b6138b2155577cd34c64bc7cc637ab",
                "sha256:044447ae4b2016a6b8697571fd633f799f860b19b76c4a2fd9b1140d52ee6745",
                "sha256:07ed8aaf7ffe150af873269690cc654ffeca7491f62aae0f3821baa181f8d5fe",
                "sha256:10d1910ec381b851aeb024a042a13db178cb1edf125e76a4e9d2548ad103aadb",
                "sha256:12e62ff0d5223ec09b597ab6d73858b9f64a51221399f3cb08aa495e1dff7935",
                "sha256:1f368a82b29f80071781b20663c0fc0c8f6b13273f9f5abe1526af939534f90f",
                "sha256:20bafc4095eab00f41a510579363a3f5e1f5c69d7ee10f1d88895c4df0259183",
                "sha256:2141e6798d5981be04c08996d27962086a1aa3ea536fe9cf7e89817fd4523f86",
                "sha256:23e708fbfdf4ee3107422b69ca65da1b9f056b431fc0888096a8c1d6cd908e8f",
                "sha256:28dbdb90b2f6b131f8f10e6081012e4e25234213433420e67e0c1162de537113",
                "sha256:29b74774a0bfd3c4d98ac853f0bdca55bd9ec89d5b0def5486407cca54472ef8",
                "sha256:2b381aa867ece7d0a82f30a0c7f3d4387b7cf2e0697e33efaa5bed6c5784abcd",
                "sha256:2f67b63f53c6994d601404fd1a329e6d940ac3dd1d92946a93b2b9c70df67b9f",
                "sha256:342ca3077f47ec2ee41b9825142b614e03e026347167cbc72a59b618c4f6106c",
                "sha256:35e635343ff367f697d00fa1484262bb68e36bc74c9b80737eac5a1e04c4e1b1",
                "sha256:385609812eafd9970c3752c51f2f6c4f224807e3e441bcfd8c8273877d00c8a8",
                "sha256:38e106b64bad744fe469dc3dd864f2764d66399178c1bf39d45294cc7980f14f",
                "sha256:39dd252b683816935702825e5bf775df16090619ced9bb4ba68c2d0b6f0c9b18",
                "sha256:407f909c4e8fde62fbdad9ebd448319792258cc0550c2815567a4d9d8d9e6d18",
                "sha256:415ff62ac525d9add1e3550430a09b9928d2d24a20cc4ce809e67caac41219ab",
                "sha256:4805af9614b0b41b7e57d17673459facf85604dac502a5a9244f6e8c9a4de658",
                "sha256:48400b96788cdaca647021bf19a9cd668384f46e4d9c55cf045bdd17f65299c8",
                "sha256:49d30ba7074f469e8167917abf9eb854c6503ae10153034a6d4df33618f1db5f",
                "sha256:4bb798bef181648827019001f6be43e1c48b34b477763b37a8d27d8c06d197b8",
                "sha256:4d6f110c56f7d5b4d64dde3a382ae61b6d48174e30742859d8e971b18b6c9e5c",
                "sha256:55568a020ad2cae9ae36da6058e7ca332a56df968f601cbdb7cf6efb2a77579a",
                "sha256:565bd5ab81f6964fc4067ccf2e00877ad0fa917308975694bbb54378389215f8",
                "sha256:5c558b50402fca1acc94329c5d8f12aa429738904a5cfb32b9ed3c61235221bb",
                "sha256:5e05492be125dce279721d6b54fd1b956546ecc4bcdfcf8e7b4c413bc0874c10",
                "sha256:624fd38071a817644acdae075b92a23ea0bdd126a58148288e8284d23ec361ce",
                "sha256:650389bbfca73955b262b2230423d89992f38ec48033307ae80e700eaa2fbb63",
                "sha256:67975a9e1237b9ccc78f457bef17691bbdd2055a9d26e81ee914ba376846d0ce",
                "sha256:6b1e79bba24f6df1712e3188d5c32c480d8eda03e8ecff44dc8ecb0805fa62f3",
                "sha256:6fd5d0d50cbcf4bc376861529a907bed026a4cbe8c22a500ff8243231ef02433",
                "sha256:71b32a1e827bdcbf73750e60370d3b07685816ff3d8695f450f0f8c3226503f8",
                "sha256:794871988c34727c7f79bdfe2546e6854ae1fa2e1feb382784f23a9c6c63ecb3",
                "sha256:79a87831b47a9f6161ad23fa5e89d5469dc585abc49f90b9b07fea8905ae1234",
                "sha256:7e0113d70b095339e99bb522fe7294f5ae6a7f3b2b8f52f659469a74b5cc7661",
                "sha256:84678153432241bcdca2210cf4ff83560b200556867aea913ffbb960f5d5f340",
                "sha256:8a68f57b7a3f7b6b52ada79876be1efb97c8c0952423436e84d70cc139f16f0d",
                "sha256:8c02a0cd39dc01659b3d6cb70bb3a41aebd9885fd78239acdd8d9c91351c4568",
                "sha256:8c842109d31a9281d678f668629241c405928afbebd913c48a5a8e7aee61f63d",
                "sha256:8dc66f109a245653b19df0f44a5af7a3f14cb8ad6c780ead506158a057bd36ce",
                "sha256:90d88f9d9a2ae6cfb1dc4ea2d1710cdf6456bc1b9a06dd1bb485c5d298f2517e",
                "sha256:9269fbfe3a4eb2009199120861c4571ef1655fdf6951c3e7f233567c94e8c602",
                "sha256:929d548b74c0f82f7f95b54e4a43f9e4ce2523cfb8a54d3f7141e45652304b2a",
                "sha256:99a5a77a10863493a1ee8dece02578c6b32025fb3afff91b40476bc489e81648",
                "sha256:9a39ddb0431a68954bd318b923230fa5b649c9c62b0e8340388820c5f1b15bd2",
                "sha256:9d0ab2936085c85a1fc6f9fd8f89d5235ae99b051e90ec5baa5e73ad44346e1f",
                "sha256:9e5bf6e7239fc9687239de7a283aa8b801ab85371116045b33ae20132a1325d6",
                "sha256:a0f09d85c45f58aa8e715b42f8b26beba68b3b63a8f7049113478aca26efbc30",
                "sha256:a114992a193577cb62233abf8cb2832970f9975805a64740e325d2f895e7f85a",
                "sha256:a3fd44b5046d247e7f0f1660bcafe7b5fb0db55d0934c05dd57dda9e1f823ce7",
                "sha256:ad28ddb40db8e450d7d4bf8a1d765d3f87b63b10e7e9a825a3c130c6371a8c03",
                "sha256:aecd6ceaccc4b594e0092d6513ef3f1c0fa678dd89f86bb8ff1a47014b8fca35",
                "sha256:b815991c7d024bf461f358ad871f2be1135576274caed5749c4828859e40354e",
                "sha256:b861db65f6b8906c8d6db51dde2448f266f0c66bf28db2c37aea50f58a849859",
                "sha256:c3ebf1668664d20c8f7d468955f18379b7d1f7bc8946b13243d050fa3888c7ff",
                "sha256:c56b1a62a1fb87565343c57b6743fd5da6e138b8c6562361d7d9b5ce4acf399a",
                "sha256:c780acddd2934c6831ff832ecbf78a45a7b62d4eb216480f863854a8b7d54fa7",
                "sha256:c890309296f53f9aa32ffcfc51d805705e1982bffd27c9692a8f1e1b8de279f4",
                "sha256:c9cfaf530e6a7ff65f0afe275e99f983f68b54dfb23ea401f0bc297a632766b6",
                "sha256:d904f6595acfaaf99a1a61881fea068500c40374d263e5e073aa4005e5f9c28a",
                "sha256:e06747014a5ad1b28cebf5bc1ddcdaccfb44e9b441d35e6feb1286c8a72e54be",
                "sha256:e1fe30bcd5aea5948c42685fad910cd285eacb2518ea4dc6c170d6b535bee95d",
                "sha256:e753eee6d3b93c5354e8ba0a1d62956ee49355f0a36e00570823ef64e66183f5",
                "sha256:ec9803aca9491fd6f0d853d2a6147f19f8deaaa23b1b713d05c5d09e56ea7142",
                "sha256:efb9e38b2a590282704269585de7eb33bf43dc294cad092e1b172e23d4c217e5",
                "sha256:f07016e3cf088dbfc6e7c5a7b3f540db5c23b0190d539e4fd3e2b5e6beffa4b5",
                "sha256:f392cbea531b7142d1958c0d4a0c9c8d760dc451e5848d8dd3387804d3e3e62c",
                "sha256:f619fd38fc2641abfb53cca719c165182500600b82c695cc548a0f05f764be05",
                "sha256:fefdf9b685fda4141b95ebec975946076a5e0723ff70b037032b2085c5317684",
                "sha256:ffc6b1623d0f9affb351db4ca61f432dca3628a5ee015f9bf2bfbe9c6836881c"
            ],
            "markers": "python_version >= '3.6'",
            "version": "==23.2.1"
        },
        "six": {
            "hashes": [
                "sha256:1e61c37477a1626458e36f7b1d82aa5c9b094fa4802892072e49de9c60c4c926",
                "sha256:8abb2f1d86890a2dfb989f9a77cfcfd3e47c2a354b01111771326f8aa26e0254"
            ],
            "markers": "python_version >= '2.7' and python_version not in '3.0, 3.1, 3.2, 3.3'",
            "version": "==1.16.0"
        },
        "stack-data": {
            "hashes": [
                "sha256:66d2ebd3d7f29047612ead465b6cae5371006a71f45037c7e2507d01367bce3b",
                "sha256:715c8855fbf5c43587b141e46cc9d9339cc0d1f8d6e0f98ed0d01c6cb974e29f"
            ],
            "version": "==0.5.0"
        },
        "toml": {
            "hashes": [
                "sha256:806143ae5bfb6a3c6e736a764057db0e6a0e05e338b5630894a5f779cabb4f9b",
                "sha256:b3bda1d108d5dd99f4a20d24d9c348e91c4db7ab1b749200bded2f839ccbe68f"
            ],
            "markers": "python_version >= '2.6' and python_version not in '3.0, 3.1, 3.2, 3.3'",
            "version": "==0.10.2"
        },
        "tornado": {
            "hashes": [
                "sha256:1d54d13ab8414ed44de07efecb97d4ef7c39f7438cf5e976ccd356bebb1b5fca",
                "sha256:20f638fd8cc85f3cbae3c732326e96addff0a15e22d80f049e00121651e82e72",
                "sha256:5c87076709343557ef8032934ce5f637dbb552efa7b21d08e89ae7619ed0eb23",
                "sha256:5f8c52d219d4995388119af7ccaa0bcec289535747620116a58d830e7c25d8a8",
                "sha256:6fdfabffd8dfcb6cf887428849d30cf19a3ea34c2c248461e1f7d718ad30b66b",
                "sha256:87dcafae3e884462f90c90ecc200defe5e580a7fbbb4365eda7c7c1eb809ebc9",
                "sha256:9b630419bde84ec666bfd7ea0a4cb2a8a651c2d5cccdbdd1972a0c859dfc3c13",
                "sha256:b8150f721c101abdef99073bf66d3903e292d851bee51910839831caba341a75",
                "sha256:ba09ef14ca9893954244fd872798b4ccb2367c165946ce2dd7376aebdde8e3ac",
                "sha256:d3a2f5999215a3a06a4fc218026cd84c61b8b2b40ac5296a6db1f1451ef04c1e",
                "sha256:e5f923aa6a47e133d1cf87d60700889d7eae68988704e20c75fb2d65677a8e4b"
            ],
            "markers": "python_version >= '3.7'",
            "version": "==6.2"
        },
        "traitlets": {
            "hashes": [
                "sha256:0bb9f1f9f017aa8ec187d8b1b2a7a6626a2a1d877116baba52a129bfa124f8e2",
                "sha256:65fa18961659635933100db8ca120ef6220555286949774b9cfc106f941d1c7a"
            ],
            "markers": "python_version >= '3.7'",
            "version": "==5.3.0"
        },
        "wcwidth": {
            "hashes": [
                "sha256:beb4802a9cebb9144e99086eff703a642a13d6a0052920003a230f3294bbe784",
                "sha256:c4d647b99872929fdb7bdcaa4fbe7f01413ed3d98077df798530e5b04f116c83"
            ],
            "version": "==0.2.5"
        }
    }
}
